Microsoft Visual Studio Solution File, Format Version 11.00
# Visual Studio 2008

Project("{BC9C6804-D7ED-2A3A-452E-02A14093E484}") = "Hoi", "Assembly-CSharp.csproj", "{A0AB07E2-F099-3F3C-7135-9D0D5A06B14B}"
EndProject
Global
	GlobalSection(SolutionConfigurationPlatforms) = preSolution
		Debug|Any CPU = Debug|Any CPU
		Release|Any CPU = Release|Any CPU
	EndGlobalSection
	GlobalSection(ProjectConfigurationPlatforms) = postSolution
		{A0AB07E2-F099-3F3C-7135-9D0D5A06B14B}.Debug|Any CPU.ActiveCfg = Debug|Any CPU
		{A0AB07E2-F099-3F3C-7135-9D0D5A06B14B}.Debug|Any CPU.Build.0 = Debug|Any CPU
		{A0AB07E2-F099-3F3C-7135-9D0D5A06B14B}.Release|Any CPU.ActiveCfg = Release|Any CPU
		{A0AB07E2-F099-3F3C-7135-9D0D5A06B14B}.Release|Any CPU.Build.0 = Release|Any CPU
	EndGlobalSection
	GlobalSection(SolutionProperties) = preSolution
		HideSolutionNode = FALSE
	EndGlobalSection
	GlobalSection(MonoDevelopProperties) = preSolution
		StartupItem = Assembly-CSharp.csproj
	EndGlobalSection
EndGlobal
